
Microsoft Visual Studio Solution File, Format Version 12.00
Project("{FAE04EC0-301F-11D3-BF4B-00C04F79EFBC}") = "Api", "Api\Api.csproj", "{BF7C2FB0-A441-4E95-9EA9-C4315C457A36}"
EndProject
Global
	GlobalSection(SolutionConfigurationPlatforms) = preSolution
		Debug|Any CPU = Debug|Any CPU
		Release|Any CPU = Release|Any CPU
	EndGlobalSection
	GlobalSection(ProjectConfigurationPlatforms) = postSolution
		{BF7C2FB0-A441-4E95-9EA9-C4315C457A36}.Debug|Any CPU.ActiveCfg = Debug|Any CPU
		{BF7C2FB0-A441-4E95-9EA9-C4315C457A36}.Debug|Any CPU.Build.0 = Debug|Any CPU
		{BF7C2FB0-A441-4E95-9EA9-C4315C457A36}.Release|Any CPU.ActiveCfg = Release|Any CPU
		{BF7C2FB0-A441-4E95-9EA9-C4315C457A36}.Release|Any CPU.Build.0 = Release|Any CPU
	EndGlobalSection
EndGlobal
